// !$*UTF8*$!
{
	archiveVersion = 1;
	classes = {
	};
	objectVersion = 46;
	objects = {

/* Begin PBXBuildFile section */
		1DDD582C0DA1D0D100B32029 /* PolyViewer.xib in Resources */ = {isa = PBXBuildFile; fileRef = 1DDD58280DA1D0D100B32029 /* PolyViewer.xib */; };
		1DDD582D0DA1D0D100B32029 /* MainMenu.xib in Resources */ = {isa = PBXBuildFile; fileRef = 1DDD582A0DA1D0D100B32029 /* MainMenu.xib */; };
		724211C31564583E0077214A /* FloatIntTransformer.m in Sources */ = {isa = PBXBuildFile; fileRef = 724211BC1564583E0077214A /* FloatIntTransformer.m */; };
		724211C41564583E0077214A /* PolymakeObject.m in Sources */ = {isa = PBXBuildFile; fileRef = 724211BE1564583E0077214A /* PolymakeObject.m */; };
		724211C61564583E0077214A /* ValueLineNumberView.m in Sources */ = {isa = PBXBuildFile; fileRef = 724211C21564583E0077214A /* ValueLineNumberView.m */; };
		7251383918786971004C9858 /* PolymakeInstanceWrapper.mm in Sources */ = {isa = PBXBuildFile; fileRef = 7251383818786971004C9858 /* PolymakeInstanceWrapper.mm */; };
		729658381565A60D0076B037 /* AppController.m in Sources */ = {isa = PBXBuildFile; fileRef = 729658371565A60D0076B037 /* AppController.m */; };
		72965A091567164F0076B037 /* PropertyView.m in Sources */ = {isa = PBXBuildFile; fileRef = 72965A081567164F0076B037 /* PropertyView.m */; };
		72965C6E156847C70076B037 /* PreferencesController.m in Sources */ = {isa = PBXBuildFile; fileRef = 72965C6D156847C70076B037 /* PreferencesController.m */; };
		72965D041568E2BA0076B037 /* polyviewer.icns in Resources */ = {isa = PBXBuildFile; fileRef = 72965D031568E2BA0076B037 /* polyviewer.icns */; };
		72965DFF156919040076B037 /* Preferences.xib in Resources */ = {isa = PBXBuildFile; fileRef = 72965DFD156919040076B037 /* Preferences.xib */; };
		72965EA1156933290076B037 /* AppWindowController.m in Sources */ = {isa = PBXBuildFile; fileRef = 72965EA0156933290076B037 /* AppWindowController.m */; };
		72965EE8156999CC0076B037 /* README in Resources */ = {isa = PBXBuildFile; fileRef = 72965EE7156999CC0076B037 /* README */; };
		72BD024818849CC300837D78 /* get_type.pl in Resources */ = {isa = PBXBuildFile; fileRef = 72BD024718849CC300837D78 /* get_type.pl */; };
		72BD024D18849CF600837D78 /* list_props.pl in Resources */ = {isa = PBXBuildFile; fileRef = 72BD024B18849CF600837D78 /* list_props.pl */; };
		72EBDFB5187BF97300F86EDE /* PolymakeObjectWrapper.mm in Sources */ = {isa = PBXBuildFile; fileRef = 72EBDFB4187BF97200F86EDE /* PolymakeObjectWrapper.mm */; };
		72EBDFBB187E07B400F86EDE /* PropertyNode.m in Sources */ = {isa = PBXBuildFile; fileRef = 72EBDFBA187E07B400F86EDE /* PropertyNode.m */; };
		7AC8A16C18A45B1A00B53BFC /* poly.icns in Resources */ = {isa = PBXBuildFile; fileRef = 7AC8A16B18A45B1A00B53BFC /* poly.icns */; };
		7AC8A16E18A463BD00B53BFC /* trop.icns in Resources */ = {isa = PBXBuildFile; fileRef = 7AC8A16D18A463BD00B53BFC /* trop.icns */; };
		7AC8A17018A51A6500B53BFC /* graph.icns in Resources */ = {isa = PBXBuildFile; fileRef = 7AC8A16F18A51A6500B53BFC /* graph.icns */; };
		8D15AC2C0486D014006FF6A4 /* Credits.rtf in Resources */ = {isa = PBXBuildFile; fileRef = 2A37F4B9FDCFA73011CA2CEA /* Credits.rtf */; };
		8D15AC2F0486D014006FF6A4 /* InfoPlist.strings in Resources */ = {isa = PBXBuildFile; fileRef = 089C165FFE840EACC02AAC07 /* InfoPlist.strings */; };
		8D15AC310486D014006FF6A4 /* PolymakeObjectController.m in Sources */ = {isa = PBXBuildFile; fileRef = 2A37F4ACFDCFA73011CA2CEA /* PolymakeObjectController.m */; settings = {ATTRIBUTES = (); }; };
		8D15AC320486D014006FF6A4 /* main.m in Sources */ = {isa = PBXBuildFile; fileRef = 2A37F4B0FDCFA73011CA2CEA /* main.m */; settings = {ATTRIBUTES = (); }; };
		8D15AC340486D014006FF6A4 /* Cocoa.framework in Frameworks */ = {isa = PBXBuildFile; fileRef = 1058C7A7FEA54F5311CA2CBB /* Cocoa.framework */; };
		E12E289218952F4000051EBD /* get_names_for_multiple.pl in Resources */ = {isa = PBXBuildFile; fileRef = E12E289118952F4000051EBD /* get_names_for_multiple.pl */; };
		E12E28951895344800051EBD /* get_multiple_object_by_index.pl in Resources */ = {isa = PBXBuildFile; fileRef = E12E28941895344800051EBD /* get_multiple_object_by_index.pl */; };
		E12E28981895779400051EBD /* DatabaseAccess.xib in Resources */ = {isa = PBXBuildFile; fileRef = E12E28971895779400051EBD /* DatabaseAccess.xib */; };
		E12E289A1895B1DE00051EBD /* retrieve_database_object.pl in Resources */ = {isa = PBXBuildFile; fileRef = E12E28991895B1DE00051EBD /* retrieve_database_object.pl */; };
		E12E289E1897202F00051EBD /* RetrieveFromDBController.m in Sources */ = {isa = PBXBuildFile; fileRef = E12E289D1897202F00051EBD /* RetrieveFromDBController.m */; };
		E13DCBD1188AA84E00DF3519 /* PropertyNodeValue.m in Sources */ = {isa = PBXBuildFile; fileRef = E13DCBD0188AA84E00DF3519 /* PropertyNodeValue.m */; };
		E13DCBD3188ADD6000DF3519 /* get_name.pl in Resources */ = {isa = PBXBuildFile; fileRef = E13DCBD2188ADD6000DF3519 /* get_name.pl */; };
		E1AA8B2818A5C3820054DECF /* get_db_ListOfIDs.pl in Resources */ = {isa = PBXBuildFile; fileRef = E1C9455618A4195C00E30E4E /* get_db_ListOfIDs.pl */; };
		E1AA8B7118A6E6F50054DECF /* DatabaseAccess.m in Sources */ = {isa = PBXBuildFile; fileRef = E1AA8B7018A6E6F50054DECF /* DatabaseAccess.m */; };
		E1AA8B7518AED1D70054DECF /* get_configured_extensions.pl in Resources */ = {isa = PBXBuildFile; fileRef = E1AA8B7418AED1D70054DECF /* get_configured_extensions.pl */; };
		E1AA8B7618AFB0DE0054DECF /* get_db_CountOfIDs.pl in Resources */ = {isa = PBXBuildFile; fileRef = E1AA8B2518A5C0540054DECF /* get_db_CountOfIDs.pl */; };
		E1C9455218A1B17900E30E4E /* get_db_list.pl in Resources */ = {isa = PBXBuildFile; fileRef = E1C9455018A1B07D00E30E4E /* get_db_list.pl */; };
		E1C9455518A2C4EB00E30E4E /* get_db_collection_list.pl in Resources */ = {isa = PBXBuildFile; fileRef = E1C9455318A29FA000E30E4E /* get_db_collection_list.pl */; };
		E1D968641893D55B0060FEEA /* polymake.xcconfig in Resources */ = {isa = PBXBuildFile; fileRef = E1D968631893D55B0060FEEA /* polymake.xcconfig */; };
/* End PBXBuildFile section */

/* Begin PBXFileReference section */
		089C1660FE840EACC02AAC07 /* English */ = {isa = PBXFileReference; fileEncoding = 4; lastKnownFileType = text.plist.strings; name = English; path = English.lproj/InfoPlist.strings; sourceTree = "<group>"; };
		1058C7A7FEA54F5311CA2CBB /* Cocoa.framework */ = {isa = PBXFileReference; lastKnownFileType = wrapper.framework; name = Cocoa.framework; path = /System/Library/Frameworks/Cocoa.framework; sourceTree = "<absolute>"; };
		13E42FBA07B3F13500E4EEF1 /* CoreData.framework */ = {isa = PBXFileReference; lastKnownFileType = wrapper.framework; name = CoreData.framework; path = /System/Library/Frameworks/CoreData.framework; sourceTree = "<absolute>"; };
		1DDD58290DA1D0D100B32029 /* English */ = {isa = PBXFileReference; lastKnownFileType = file.xib; name = English; path = English.lproj/PolyViewer.xib; sourceTree = "<group>"; };
		1DDD582B0DA1D0D100B32029 /* English */ = {isa = PBXFileReference; lastKnownFileType = file.xib; name = English; path = English.lproj/MainMenu.xib; sourceTree = "<group>"; };
		2564AD2C0F5327BB00F57823 /* PolyViewer_Prefix.pch */ = {isa = PBXFileReference; fileEncoding = 4; lastKnownFileType = sourcecode.c.h; path = PolyViewer_Prefix.pch; sourceTree = "<group>"; };
		2A37F4ACFDCFA73011CA2CEA /* PolymakeObjectController.m */ = {isa = PBXFileReference; fileEncoding = 4; lastKnownFileType = sourcecode.c.objc; lineEnding = 0; path = PolymakeObjectController.m; sourceTree = "<group>"; xcLanguageSpecificationIdentifier = xcode.lang.objc; };
		2A37F4AEFDCFA73011CA2CEA /* PolymakeObjectController.h */ = {isa = PBXFileReference; fileEncoding = 4; lastKnownFileType = sourcecode.c.h; lineEnding = 0; path = PolymakeObjectController.h; sourceTree = "<group>"; xcLanguageSpecificationIdentifier = xcode.lang.objcpp; };
		2A37F4B0FDCFA73011CA2CEA /* main.m */ = {isa = PBXFileReference; fileEncoding = 4; lastKnownFileType = sourcecode.c.objc; path = main.m; sourceTree = "<group>"; };
		2A37F4BAFDCFA73011CA2CEA /* English */ = {isa = PBXFileReference; lastKnownFileType = text.rtf; name = English; path = English.lproj/Credits.rtf; sourceTree = "<group>"; };
		2A37F4C4FDCFA73011CA2CEA /* AppKit.framework */ = {isa = PBXFileReference; lastKnownFileType = wrapper.framework; name = AppKit.framework; path = /System/Library/Frameworks/AppKit.framework; sourceTree = "<absolute>"; };
		2A37F4C5FDCFA73011CA2CEA /* Foundation.framework */ = {isa = PBXFileReference; lastKnownFileType = wrapper.framework; name = Foundation.framework; path = /System/Library/Frameworks/Foundation.framework; sourceTree = "<absolute>"; };
		724211BB1564583E0077214A /* FloatIntTransformer.h */ = {isa = PBXFileReference; fileEncoding = 4; lastKnownFileType = sourcecode.c.h; path = FloatIntTransformer.h; sourceTree = "<group>"; };
		724211BC1564583E0077214A /* FloatIntTransformer.m */ = {isa = PBXFileReference; fileEncoding = 4; lastKnownFileType = sourcecode.c.objc; path = FloatIntTransformer.m; sourceTree = "<group>"; };
		724211BD1564583E0077214A /* PolymakeObject.h */ = {isa = PBXFileReference; fileEncoding = 4; lastKnownFileType = sourcecode.c.h; lineEnding = 0; path = PolymakeObject.h; sourceTree = "<group>"; xcLanguageSpecificationIdentifier = xcode.lang.objcpp; };
		724211BE1564583E0077214A /* PolymakeObject.m */ = {isa = PBXFileReference; fileEncoding = 4; lastKnownFileType = sourcecode.c.objc; lineEnding = 0; path = PolymakeObject.m; sourceTree = "<group>"; xcLanguageSpecificationIdentifier = xcode.lang.objc; };
		724211C11564583E0077214A /* ValueLineNumberView.h */ = {isa = PBXFileReference; fileEncoding = 4; lastKnownFileType = sourcecode.c.h; path = ValueLineNumberView.h; sourceTree = "<group>"; };
		724211C21564583E0077214A /* ValueLineNumberView.m */ = {isa = PBXFileReference; fileEncoding = 4; lastKnownFileType = sourcecode.c.objc; path = ValueLineNumberView.m; sourceTree = "<group>"; };
		7251383718786970004C9858 /* PolymakeInstanceWrapper.h */ = {isa = PBXFileReference; fileEncoding = 4; lastKnownFileType = sourcecode.c.h; path = PolymakeInstanceWrapper.h; sourceTree = "<group>"; };
		7251383818786971004C9858 /* PolymakeInstanceWrapper.mm */ = {isa = PBXFileReference; fileEncoding = 4; lastKnownFileType = sourcecode.cpp.objcpp; path = PolymakeInstanceWrapper.mm; sourceTree = "<group>"; };
		729658361565A60D0076B037 /* AppController.h */ = {isa = PBXFileReference; fileEncoding = 4; lastKnownFileType = sourcecode.c.h; path = AppController.h; sourceTree = "<group>"; };
		729658371565A60D0076B037 /* AppController.m */ = {isa = PBXFileReference; fileEncoding = 4; lastKnownFileType = sourcecode.c.objc; path = AppController.m; sourceTree = "<group>"; };
		72965A071567164F0076B037 /* PropertyView.h */ = {isa = PBXFileReference; fileEncoding = 4; lastKnownFileType = sourcecode.c.h; path = PropertyView.h; sourceTree = "<group>"; };
		72965A081567164F0076B037 /* PropertyView.m */ = {isa = PBXFileReference; fileEncoding = 4; lastKnownFileType = sourcecode.c.objc; path = PropertyView.m; sourceTree = "<group>"; };
		72965C6C156847C70076B037 /* PreferencesController.h */ = {isa = PBXFileReference; fileEncoding = 4; lastKnownFileType = sourcecode.c.h; path = PreferencesController.h; sourceTree = "<group>"; };
		72965C6D156847C70076B037 /* PreferencesController.m */ = {isa = PBXFileReference; fileEncoding = 4; lastKnownFileType = sourcecode.c.objc; path = PreferencesController.m; sourceTree = "<group>"; };
		72965D031568E2BA0076B037 /* polyviewer.icns */ = {isa = PBXFileReference; lastKnownFileType = image.icns; path = polyviewer.icns; sourceTree = "<group>"; };
		72965DFE156919040076B037 /* English */ = {isa = PBXFileReference; lastKnownFileType = file.xib; name = English; path = English.lproj/Preferences.xib; sourceTree = "<group>"; };
		72965E9F156933290076B037 /* AppWindowController.h */ = {isa = PBXFileReference; fileEncoding = 4; lastKnownFileType = sourcecode.c.h; path = AppWindowController.h; sourceTree = "<group>"; };
		72965EA0156933290076B037 /* AppWindowController.m */ = {isa = PBXFileReference; fileEncoding = 4; lastKnownFileType = sourcecode.c.objc; path = AppWindowController.m; sourceTree = "<group>"; };
		72965EE7156999CC0076B037 /* README */ = {isa = PBXFileReference; fileEncoding = 4; lastKnownFileType = text; path = README; sourceTree = "<group>"; };
		72BD024718849CC300837D78 /* get_type.pl */ = {isa = PBXFileReference; lastKnownFileType = text.script.perl; name = get_type.pl; path = scripts/get_type.pl; sourceTree = "<group>"; };
		72BD024A18849CF600837D78 /* get_type.pl */ = {isa = PBXFileReference; fileEncoding = 4; lastKnownFileType = text.script.perl; path = get_type.pl; sourceTree = "<group>"; };
		72BD024B18849CF600837D78 /* list_props.pl */ = {isa = PBXFileReference; fileEncoding = 4; lastKnownFileType = text.script.perl; path = list_props.pl; sourceTree = "<group>"; };
		72EBDFB3187BF97200F86EDE /* PolymakeObjectWrapper.h */ = {isa = PBXFileReference; fileEncoding = 4; lastKnownFileType = sourcecode.c.h; lineEnding = 0; path = PolymakeObjectWrapper.h; sourceTree = "<group>"; xcLanguageSpecificationIdentifier = xcode.lang.objcpp; };
		72EBDFB4187BF97200F86EDE /* PolymakeObjectWrapper.mm */ = {isa = PBXFileReference; fileEncoding = 4; lastKnownFileType = sourcecode.cpp.objcpp; lineEnding = 0; path = PolymakeObjectWrapper.mm; sourceTree = "<group>"; xcLanguageSpecificationIdentifier = xcode.lang.objcpp; };
		72EBDFB8187CC3B700F86EDE /* list_props.pl */ = {isa = PBXFileReference; lastKnownFileType = text.script.perl; name = list_props.pl; path = scripts/list_props.pl; sourceTree = "<group>"; };
		72EBDFB9187E07B400F86EDE /* PropertyNode.h */ = {isa = PBXFileReference; fileEncoding = 4; lastKnownFileType = sourcecode.c.h; lineEnding = 0; path = PropertyNode.h; sourceTree = "<group>"; xcLanguageSpecificationIdentifier = xcode.lang.objcpp; };
		72EBDFBA187E07B400F86EDE /* PropertyNode.m */ = {isa = PBXFileReference; fileEncoding = 4; lastKnownFileType = sourcecode.c.objc; lineEnding = 0; path = PropertyNode.m; sourceTree = "<group>"; xcLanguageSpecificationIdentifier = xcode.lang.objc; };
		7AC8A16B18A45B1A00B53BFC /* poly.icns */ = {isa = PBXFileReference; lastKnownFileType = image.icns; name = poly.icns; path = icons/poly.icns; sourceTree = "<group>"; };
		7AC8A16D18A463BD00B53BFC /* trop.icns */ = {isa = PBXFileReference; lastKnownFileType = image.icns; name = trop.icns; path = icons/trop.icns; sourceTree = "<group>"; };
		7AC8A16F18A51A6500B53BFC /* graph.icns */ = {isa = PBXFileReference; lastKnownFileType = image.icns; name = graph.icns; path = icons/graph.icns; sourceTree = "<group>"; };
		8D15AC360486D014006FF6A4 /* PolyViewer-Info.plist */ = {isa = PBXFileReference; fileEncoding = 4; lastKnownFileType = text.plist.xml; path = "PolyViewer-Info.plist"; sourceTree = "<group>"; };
		8D15AC370486D014006FF6A4 /* PolyViewer.app */ = {isa = PBXFileReference; explicitFileType = wrapper.application; includeInIndex = 0; path = PolyViewer.app; sourceTree = BUILT_PRODUCTS_DIR; };
		E12E289118952F4000051EBD /* get_names_for_multiple.pl */ = {isa = PBXFileReference; fileEncoding = 4; lastKnownFileType = text.script.perl; path = get_names_for_multiple.pl; sourceTree = "<group>"; };
		E12E28931895321B00051EBD /* get_names_for_multiple.pl */ = {isa = PBXFileReference; lastKnownFileType = text.script.perl; name = get_names_for_multiple.pl; path = scripts/get_names_for_multiple.pl; sourceTree = "<group>"; };
		E12E28941895344800051EBD /* get_multiple_object_by_index.pl */ = {isa = PBXFileReference; fileEncoding = 4; lastKnownFileType = text.script.perl; path = get_multiple_object_by_index.pl; sourceTree = "<group>"; };
		E12E28961895348100051EBD /* get_multiple_object_by_index.pl */ = {isa = PBXFileReference; lastKnownFileType = text.script.perl; name = get_multiple_object_by_index.pl; path = scripts/get_multiple_object_by_index.pl; sourceTree = "<group>"; };
		E12E28971895779400051EBD /* DatabaseAccess.xib */ = {isa = PBXFileReference; fileEncoding = 4; lastKnownFileType = file.xib; path = DatabaseAccess.xib; sourceTree = "<group>"; };
		E12E28991895B1DE00051EBD /* retrieve_database_object.pl */ = {isa = PBXFileReference; fileEncoding = 4; lastKnownFileType = text.script.perl; path = retrieve_database_object.pl; sourceTree = "<group>"; };
		E12E289B1895BD9D00051EBD /* retrieve_database_object.pl */ = {isa = PBXFileReference; lastKnownFileType = text.script.perl; name = retrieve_database_object.pl; path = scripts/retrieve_database_object.pl; sourceTree = "<group>"; };
		E12E289C1897202F00051EBD /* RetrieveFromDBController.h */ = {isa = PBXFileReference; fileEncoding = 4; lastKnownFileType = sourcecode.c.h; path = RetrieveFromDBController.h; sourceTree = "<group>"; };
		E12E289D1897202F00051EBD /* RetrieveFromDBController.m */ = {isa = PBXFileReference; fileEncoding = 4; lastKnownFileType = sourcecode.c.objc; path = RetrieveFromDBController.m; sourceTree = "<group>"; };
		E13DCBCF188AA84E00DF3519 /* PropertyNodeValue.h */ = {isa = PBXFileReference; fileEncoding = 4; lastKnownFileType = sourcecode.c.h; path = PropertyNodeValue.h; sourceTree = "<group>"; };
		E13DCBD0188AA84E00DF3519 /* PropertyNodeValue.m */ = {isa = PBXFileReference; fileEncoding = 4; lastKnownFileType = sourcecode.c.objc; path = PropertyNodeValue.m; sourceTree = "<group>"; };
		E13DCBD2188ADD6000DF3519 /* get_name.pl */ = {isa = PBXFileReference; fileEncoding = 4; lastKnownFileType = text.script.perl; path = get_name.pl; sourceTree = "<group>"; };
		E1AA8B2518A5C0540054DECF /* get_db_CountOfIDs.pl */ = {isa = PBXFileReference; fileEncoding = 4; lastKnownFileType = text.script.perl; path = get_db_CountOfIDs.pl; sourceTree = "<group>"; };
		E1AA8B6F18A6E6F50054DECF /* DatabaseAccess.h */ = {isa = PBXFileReference; fileEncoding = 4; lastKnownFileType = sourcecode.c.h; path = DatabaseAccess.h; sourceTree = "<group>"; };
		E1AA8B7018A6E6F50054DECF /* DatabaseAccess.m */ = {isa = PBXFileReference; fileEncoding = 4; lastKnownFileType = sourcecode.c.objc; path = DatabaseAccess.m; sourceTree = "<group>"; };
		E1AA8B7418AED1D70054DECF /* get_configured_extensions.pl */ = {isa = PBXFileReference; fileEncoding = 4; lastKnownFileType = text.script.perl; path = get_configured_extensions.pl; sourceTree = "<group>"; };
		E1C9455018A1B07D00E30E4E /* get_db_list.pl */ = {isa = PBXFileReference; fileEncoding = 4; lastKnownFileType = text.script.perl; path = get_db_list.pl; sourceTree = "<group>"; };
		E1C9455318A29FA000E30E4E /* get_db_collection_list.pl */ = {isa = PBXFileReference; fileEncoding = 4; lastKnownFileType = text.script.perl; path = get_db_collection_list.pl; sourceTree = "<group>"; };
		E1C9455618A4195C00E30E4E /* get_db_ListOfIDs.pl */ = {isa = PBXFileReference; fileEncoding = 4; lastKnownFileType = text.script.perl; path = get_db_ListOfIDs.pl; sourceTree = "<group>"; };
		E1D968631893D55B0060FEEA /* polymake.xcconfig */ = {isa = PBXFileReference; fileEncoding = 4; lastKnownFileType = text.xcconfig; path = polymake.xcconfig; sourceTree = "<group>"; };
/* End PBXFileReference section */

/* Begin PBXFrameworksBuildPhase section */
		8D15AC330486D014006FF6A4 /* Frameworks */ = {
			isa = PBXFrameworksBuildPhase;
			buildActionMask = 2147483647;
			files = (
				8D15AC340486D014006FF6A4 /* Cocoa.framework in Frameworks */,
			);
			runOnlyForDeploymentPostprocessing = 0;
		};
/* End PBXFrameworksBuildPhase section */

/* Begin PBXGroup section */
		1058C7A6FEA54F5311CA2CBB /* Linked Frameworks */ = {
			isa = PBXGroup;
			children = (
				1058C7A7FEA54F5311CA2CBB /* Cocoa.framework */,
			);
			name = "Linked Frameworks";
			sourceTree = "<group>";
		};
		1058C7A8FEA54F5311CA2CBB /* Other Frameworks */ = {
			isa = PBXGroup;
			children = (
				2A37F4C4FDCFA73011CA2CEA /* AppKit.framework */,
				13E42FBA07B3F13500E4EEF1 /* CoreData.framework */,
				2A37F4C5FDCFA73011CA2CEA /* Foundation.framework */,
			);
			name = "Other Frameworks";
			sourceTree = "<group>";
		};
		19C28FB0FE9D524F11CA2CBB /* Products */ = {
			isa = PBXGroup;
			children = (
				8D15AC370486D014006FF6A4 /* PolyViewer.app */,
			);
			name = Products;
			sourceTree = "<group>";
		};
		2A37F4AAFDCFA73011CA2CEA /* PolyViewer */ = {
			isa = PBXGroup;
			children = (
				E12E289B1895BD9D00051EBD /* retrieve_database_object.pl */,
				E12E28961895348100051EBD /* get_multiple_object_by_index.pl */,
				E12E28931895321B00051EBD /* get_names_for_multiple.pl */,
				E1D968631893D55B0060FEEA /* polymake.xcconfig */,
				72BD024718849CC300837D78 /* get_type.pl */,
				72EBDFB8187CC3B700F86EDE /* list_props.pl */,
				72965EE7156999CC0076B037 /* README */,
				2A37F4ABFDCFA73011CA2CEA /* Classes */,
				2A37F4AFFDCFA73011CA2CEA /* Other Sources */,
				2A37F4B8FDCFA73011CA2CEA /* Resources */,
				2A37F4C3FDCFA73011CA2CEA /* Frameworks */,
				19C28FB0FE9D524F11CA2CBB /* Products */,
			);
			name = PolyViewer;
			sourceTree = "<group>";
			usesTabs = 0;
		};
		2A37F4ABFDCFA73011CA2CEA /* Classes */ = {
			isa = PBXGroup;
			children = (
				E12E2890189520F000051EBD /* polymakeObject */,
				E12E288E1895209100051EBD /* libpolymakeWrapper */,
				72BD024918849CF600837D78 /* polymakePerlScripts */,
				E12E288F189520BB00051EBD /* AppController */,
			);
			name = Classes;
			sourceTree = "<group>";
		};
		2A37F4AFFDCFA73011CA2CEA /* Other Sources */ = {
			isa = PBXGroup;
			children = (
				2564AD2C0F5327BB00F57823 /* PolyViewer_Prefix.pch */,
				2A37F4B0FDCFA73011CA2CEA /* main.m */,
			);
			name = "Other Sources";
			sourceTree = "<group>";
		};
		2A37F4B8FDCFA73011CA2CEA /* Resources */ = {
			isa = PBXGroup;
			children = (
				7AC8A16F18A51A6500B53BFC /* graph.icns */,
				7AC8A16D18A463BD00B53BFC /* trop.icns */,
				7AC8A16B18A45B1A00B53BFC /* poly.icns */,
				72965DFD156919040076B037 /* Preferences.xib */,
				72965D031568E2BA0076B037 /* polyviewer.icns */,
				2A37F4B9FDCFA73011CA2CEA /* Credits.rtf */,
				8D15AC360486D014006FF6A4 /* PolyViewer-Info.plist */,
				089C165FFE840EACC02AAC07 /* InfoPlist.strings */,
				1DDD58280DA1D0D100B32029 /* PolyViewer.xib */,
				1DDD582A0DA1D0D100B32029 /* MainMenu.xib */,
				E12E28971895779400051EBD /* DatabaseAccess.xib */,
			);
			name = Resources;
			sourceTree = "<group>";
		};
		2A37F4C3FDCFA73011CA2CEA /* Frameworks */ = {
			isa = PBXGroup;
			children = (
				1058C7A6FEA54F5311CA2CBB /* Linked Frameworks */,
				1058C7A8FEA54F5311CA2CBB /* Other Frameworks */,
			);
			name = Frameworks;
			sourceTree = "<group>";
		};
		72BD024918849CF600837D78 /* polymakePerlScripts */ = {
			isa = PBXGroup;
			children = (
				72BD024A18849CF600837D78 /* get_type.pl */,
				E13DCBD2188ADD6000DF3519 /* get_name.pl */,
				72BD024B18849CF600837D78 /* list_props.pl */,
				E12E289118952F4000051EBD /* get_names_for_multiple.pl */,
				E12E28941895344800051EBD /* get_multiple_object_by_index.pl */,
				E12E28991895B1DE00051EBD /* retrieve_database_object.pl */,
				E1C9455018A1B07D00E30E4E /* get_db_list.pl */,
				E1C9455318A29FA000E30E4E /* get_db_collection_list.pl */,
				E1C9455618A4195C00E30E4E /* get_db_ListOfIDs.pl */,
				E1AA8B2518A5C0540054DECF /* get_db_CountOfIDs.pl */,
				E1AA8B7418AED1D70054DECF /* get_configured_extensions.pl */,
			);
			name = polymakePerlScripts;
			path = scripts;
			sourceTree = "<group>";
		};
		E12E288E1895209100051EBD /* libpolymakeWrapper */ = {
			isa = PBXGroup;
			children = (
				7251383718786970004C9858 /* PolymakeInstanceWrapper.h */,
				7251383818786971004C9858 /* PolymakeInstanceWrapper.mm */,
				72EBDFB3187BF97200F86EDE /* PolymakeObjectWrapper.h */,
				72EBDFB4187BF97200F86EDE /* PolymakeObjectWrapper.mm */,
			);
			name = libpolymakeWrapper;
			sourceTree = "<group>";
		};
		E12E288F189520BB00051EBD /* AppController */ = {
			isa = PBXGroup;
			children = (
				2A37F4AEFDCFA73011CA2CEA /* PolymakeObjectController.h */,
				2A37F4ACFDCFA73011CA2CEA /* PolymakeObjectController.m */,
				72965A071567164F0076B037 /* PropertyView.h */,
				72965A081567164F0076B037 /* PropertyView.m */,
				E12E289C1897202F00051EBD /* RetrieveFromDBController.h */,
				E12E289D1897202F00051EBD /* RetrieveFromDBController.m */,
				72965C6C156847C70076B037 /* PreferencesController.h */,
				72965C6D156847C70076B037 /* PreferencesController.m */,
				72965E9F156933290076B037 /* AppWindowController.h */,
				72965EA0156933290076B037 /* AppWindowController.m */,
				729658361565A60D0076B037 /* AppController.h */,
				729658371565A60D0076B037 /* AppController.m */,
				724211BB1564583E0077214A /* FloatIntTransformer.h */,
				724211BC1564583E0077214A /* FloatIntTransformer.m */,
				724211C11564583E0077214A /* ValueLineNumberView.h */,
				724211C21564583E0077214A /* ValueLineNumberView.m */,
			);
			name = AppController;
			sourceTree = "<group>";
		};
		E12E2890189520F000051EBD /* polymakeObject */ = {
			isa = PBXGroup;
			children = (
				724211BD1564583E0077214A /* PolymakeObject.h */,
				724211BE1564583E0077214A /* PolymakeObject.m */,
				72EBDFB9187E07B400F86EDE /* PropertyNode.h */,
				72EBDFBA187E07B400F86EDE /* PropertyNode.m */,
				E13DCBCF188AA84E00DF3519 /* PropertyNodeValue.h */,
				E13DCBD0188AA84E00DF3519 /* PropertyNodeValue.m */,
				E1AA8B6F18A6E6F50054DECF /* DatabaseAccess.h */,
				E1AA8B7018A6E6F50054DECF /* DatabaseAccess.m */,
			);
			name = polymakeObject;
			sourceTree = "<group>";
		};
/* End PBXGroup section */

/* Begin PBXNativeTarget section */
		8D15AC270486D014006FF6A4 /* PolyViewer */ = {
			isa = PBXNativeTarget;
			buildConfigurationList = C05733C708A9546B00998B17 /* Build configuration list for PBXNativeTarget "PolyViewer" */;
			buildPhases = (
				8D15AC2B0486D014006FF6A4 /* Resources */,
				E1D968611893D3DA0060FEEA /* ShellScript */,
				8D15AC300486D014006FF6A4 /* Sources */,
				8D15AC330486D014006FF6A4 /* Frameworks */,
			);
			buildRules = (
			);
			dependencies = (
			);
			name = PolyViewer;
			productInstallPath = "$(HOME)/Applications";
			productName = PolyViewer;
			productReference = 8D15AC370486D014006FF6A4 /* PolyViewer.app */;
			productType = "com.apple.product-type.application";
		};
/* End PBXNativeTarget section */

/* Begin PBXProject section */
		2A37F4A9FDCFA73011CA2CEA /* Project object */ = {
			isa = PBXProject;
			attributes = {
				LastUpgradeCheck = 0500;
			};
			buildConfigurationList = C05733CB08A9546B00998B17 /* Build configuration list for PBXProject "PolyViewer" */;
			compatibilityVersion = "Xcode 3.2";
			developmentRegion = English;
			hasScannedForEncodings = 1;
			knownRegions = (
				English,
				Japanese,
				French,
				German,
			);
			mainGroup = 2A37F4AAFDCFA73011CA2CEA /* PolyViewer */;
			projectDirPath = "";
			projectRoot = "";
			targets = (
				8D15AC270486D014006FF6A4 /* PolyViewer */,
			);
		};
/* End PBXProject section */

/* Begin PBXResourcesBuildPhase section */
		8D15AC2B0486D014006FF6A4 /* Resources */ = {
			isa = PBXResourcesBuildPhase;
			buildActionMask = 2147483647;
			files = (
				E1AA8B7618AFB0DE0054DECF /* get_db_CountOfIDs.pl in Resources */,
				E1AA8B2818A5C3820054DECF /* get_db_ListOfIDs.pl in Resources */,
				E1C9455518A2C4EB00E30E4E /* get_db_collection_list.pl in Resources */,
				E1C9455218A1B17900E30E4E /* get_db_list.pl in Resources */,
				72BD024818849CC300837D78 /* get_type.pl in Resources */,
				7AC8A16E18A463BD00B53BFC /* trop.icns in Resources */,
				E12E289A1895B1DE00051EBD /* retrieve_database_object.pl in Resources */,
				E12E28951895344800051EBD /* get_multiple_object_by_index.pl in Resources */,
				E12E289218952F4000051EBD /* get_names_for_multiple.pl in Resources */,
				E13DCBD3188ADD6000DF3519 /* get_name.pl in Resources */,
				E12E28981895779400051EBD /* DatabaseAccess.xib in Resources */,
				72BD024D18849CF600837D78 /* list_props.pl in Resources */,
				8D15AC2C0486D014006FF6A4 /* Credits.rtf in Resources */,
				E1AA8B7518AED1D70054DECF /* get_configured_extensions.pl in Resources */,
				8D15AC2F0486D014006FF6A4 /* InfoPlist.strings in Resources */,
				1DDD582C0DA1D0D100B32029 /* PolyViewer.xib in Resources */,
				1DDD582D0DA1D0D100B32029 /* MainMenu.xib in Resources */,
				7AC8A16C18A45B1A00B53BFC /* poly.icns in Resources */,
				7AC8A17018A51A6500B53BFC /* graph.icns in Resources */,
				72965D041568E2BA0076B037 /* polyviewer.icns in Resources */,
				E1D968641893D55B0060FEEA /* polymake.xcconfig in Resources */,
				72965DFF156919040076B037 /* Preferences.xib in Resources */,
				72965EE8156999CC0076B037 /* README in Resources */,
			);
			runOnlyForDeploymentPostprocessing = 0;
		};
/* End PBXResourcesBuildPhase section */

/* Begin PBXShellScriptBuildPhase section */
		E1D968611893D3DA0060FEEA /* ShellScript */ = {
			isa = PBXShellScriptBuildPhase;
			buildActionMask = 2147483647;
			files = (
			);
			inputPaths = (
			);
			outputPaths = (
			);
			runOnlyForDeploymentPostprocessing = 0;
			shellPath = /bin/sh;
			shellScript = "source ~/.bash_profile\nPOLYMAKE_CONFIG=\"polymake.xcconfig\"\nPOLYMAKE_CFLAGS=`polymake-config --cflags`\nPOLYMAKE_INCULDES=`polymake-config --includes`\nPOLYMAKE_LDFLAGS=`polymake-config --ldflags`\nPOLYMAKE_LIBS=`polymake-config --libs`\necho \"// Configuration read from polymake-config during build phase.\" > $POLYMAKE_CONFIG\necho \"POLYMAKE_CFLAGS = $POLYMAKE_CFLAGS\" >> $POLYMAKE_CONFIG\necho \"POLYMAKE_LDFLAGS = $POLYMAKE_LDFLAGS\" >> $POLYMAKE_CONFIG\necho \"POLYMAKE_LIBS = $POLYMAKE_LIBS\" >> $POLYMAKE_CONFIG\necho \"POLYMAKE_INCLUDES = $POLYMAKE_INCULDES\" >> $POLYMAKE_CONFIG\n\n#echo \"PERL5LIB = $PERL5LIB:/Users/andreas/polymake/src/perl-modules/lib/perl5/site_perl/5.16.2/darwin-thread-multi-2level\" >> $POLYMAKE_CONFIG";
		};
/* End PBXShellScriptBuildPhase section */

/* Begin PBXSourcesBuildPhase section */
		8D15AC300486D014006FF6A4 /* Sources */ = {
			isa = PBXSourcesBuildPhase;
			buildActionMask = 2147483647;
			files = (
				72EBDFBB187E07B400F86EDE /* PropertyNode.m in Sources */,
				8D15AC310486D014006FF6A4 /* PolymakeObjectController.m in Sources */,
				7251383918786971004C9858 /* PolymakeInstanceWrapper.mm in Sources */,
				E12E289E1897202F00051EBD /* RetrieveFromDBController.m in Sources */,
				8D15AC320486D014006FF6A4 /* main.m in Sources */,
				E1AA8B7118A6E6F50054DECF /* DatabaseAccess.m in Sources */,
				724211C31564583E0077214A /* FloatIntTransformer.m in Sources */,
				724211C41564583E0077214A /* PolymakeObject.m in Sources */,
				E13DCBD1188AA84E00DF3519 /* PropertyNodeValue.m in Sources */,
				72EBDFB5187BF97300F86EDE /* PolymakeObjectWrapper.mm in Sources */,
				724211C61564583E0077214A /* ValueLineNumberView.m in Sources */,
				729658381565A60D0076B037 /* AppController.m in Sources */,
				72965A091567164F0076B037 /* PropertyView.m in Sources */,
				72965C6E156847C70076B037 /* PreferencesController.m in Sources */,
				72965EA1156933290076B037 /* AppWindowController.m in Sources */,
			);
			runOnlyForDeploymentPostprocessing = 0;
		};
/* End PBXSourcesBuildPhase section */

/* Begin PBXVariantGroup section */
		089C165FFE840EACC02AAC07 /* InfoPlist.strings */ = {
			isa = PBXVariantGroup;
			children = (
				089C1660FE840EACC02AAC07 /* English */,
			);
			name = InfoPlist.strings;
			sourceTree = "<group>";
		};
		1DDD58280DA1D0D100B32029 /* PolyViewer.xib */ = {
			isa = PBXVariantGroup;
			children = (
				1DDD58290DA1D0D100B32029 /* English */,
			);
			name = PolyViewer.xib;
			sourceTree = "<group>";
		};
		1DDD582A0DA1D0D100B32029 /* MainMenu.xib */ = {
			isa = PBXVariantGroup;
			children = (
				1DDD582B0DA1D0D100B32029 /* English */,
			);
			name = MainMenu.xib;
			sourceTree = "<group>";
		};
		2A37F4B9FDCFA73011CA2CEA /* Credits.rtf */ = {
			isa = PBXVariantGroup;
			children = (
				2A37F4BAFDCFA73011CA2CEA /* English */,
			);
			name = Credits.rtf;
			sourceTree = "<group>";
		};
		72965DFD156919040076B037 /* Preferences.xib */ = {
			isa = PBXVariantGroup;
			children = (
				72965DFE156919040076B037 /* English */,
			);
			name = Preferences.xib;
			sourceTree = "<group>";
		};
/* End PBXVariantGroup section */

/* Begin XCBuildConfiguration section */
		C05733C808A9546B00998B17 /* Debug */ = {
			isa = XCBuildConfiguration;
			baseConfigurationReference = E1D968631893D55B0060FEEA /* polymake.xcconfig */;
			buildSettings = {
				ALWAYS_SEARCH_USER_PATHS = NO;
				COMBINE_HIDPI_IMAGES = YES;
				COPY_PHASE_STRIP = NO;
				GCC_DYNAMIC_NO_PIC = NO;
				GCC_MODEL_TUNING = G5;
				GCC_OPTIMIZATION_LEVEL = 0;
				GCC_PRECOMPILE_PREFIX_HEADER = YES;
				GCC_PREFIX_HEADER = PolyViewer_Prefix.pch;
				"GCC_PREPROCESSOR_DEFINITIONS[arch=*]" = (
					"__ASSERT_MACROS_DEFINE_VERSIONS_WITHOUT_UNDERSCORES=0",
					"DEBUG=1",
				);
				GCC_VERSION = com.apple.compilers.llvm.clang.1_0;
				INFOPLIST_FILE = "PolyViewer-Info.plist";
				INSTALL_PATH = "$(HOME)/Applications";
				LIBRARY_SEARCH_PATHS = "";
				MACOSX_DEPLOYMENT_TARGET = 10.8;
				ONLY_ACTIVE_ARCH = YES;
				OTHER_CPLUSPLUSFLAGS = (
					"$(OTHER_CFLAGS)",
					"$(POLYMAKE_CFLAGS)",
					"$(POLYMAKE_INCLUDES)",
				);
				OTHER_LDFLAGS = "";
				"OTHER_LDFLAGS[arch=*]" = (
					"$(POLYMAKE_LDFLAGS)",
					"$(POLYMAKE_LIBS)",
				);
				PRODUCT_NAME = PolyViewer;
				SDKROOT = macosx;
			};
			name = Debug;
		};
		C05733C908A9546B00998B17 /* Release */ = {
			isa = XCBuildConfiguration;
			baseConfigurationReference = E1D968631893D55B0060FEEA /* polymake.xcconfig */;
			buildSettings = {
				ALWAYS_SEARCH_USER_PATHS = NO;
				COMBINE_HIDPI_IMAGES = YES;
				DEBUG_INFORMATION_FORMAT = "dwarf-with-dsym";
				GCC_MODEL_TUNING = G5;
				GCC_PRECOMPILE_PREFIX_HEADER = YES;
				GCC_PREFIX_HEADER = PolyViewer_Prefix.pch;
				GCC_VERSION = com.apple.compilers.llvm.clang.1_0;
				INFOPLIST_FILE = "PolyViewer-Info.plist";
				INSTALL_PATH = "$(HOME)/Applications";
				LIBRARY_SEARCH_PATHS = "";
				MACOSX_DEPLOYMENT_TARGET = 10.8;
				ONLY_ACTIVE_ARCH = YES;
				OTHER_CPLUSPLUSFLAGS = (
					"$(OTHER_CFLAGS)",
					"$(POLYMAKE_CFLAGS)",
					"$(POLYMAKE_INCLUDES)",
				);
				OTHER_LDFLAGS = "";
				"OTHER_LDFLAGS[arch=*]" = (
					"$(POLYMAKE_LDFLAGS)",
					"$(POLYMAKE_LIBS)",
				);
				PRODUCT_NAME = PolyViewer;
				SDKROOT = macosx;
			};
			name = Release;
		};
		C05733CC08A9546B00998B17 /* Debug */ = {
			isa = XCBuildConfiguration;
			buildSettings = {
				GCC_C_LANGUAGE_STANDARD = gnu99;
				GCC_OPTIMIZATION_LEVEL = 0;
				GCC_PREPROCESSOR_DEFINITIONS = "__ASSERT_MACROS_DEFINE_VERSIONS_WITHOUT_UNDERSCORES=0 ";
				GCC_WARN_ABOUT_RETURN_TYPE = YES;
				GCC_WARN_UNUSED_VARIABLE = YES;
				HEADER_SEARCH_PATHS = (
					"$(inherited)",
					/Applications/Xcode.app/Contents/Developer/Toolchains/XcodeDefault.xctoolchain/usr/include,
					/Volumes/polymake2/programs/polymake_install/include,
					/Volumes/polymake2/programs/gmp5/include,
					/Volumes/polymake/programs/mpfr3/include,
				);
				LIBRARY_SEARCH_PATHS = "";
				New_Setting = "";
				ONLY_ACTIVE_ARCH = YES;
				OTHER_CPLUSPLUSFLAGS = (
					"$(OTHER_CFLAGS)",
					"-fPIC",
					"-Wall",
					"-Wno-logical-op-parentheses",
					"-Wno-shift-op-parentheses",
					"-Wno-duplicate-decl-specifier",
					"-O3",
					"-DPOLYMAKE_DEBUG=0",
					"-I/Volumes/polymake2/programs/polymake_install/include",
					"-I/Volumes/polymake2/programs/gmp5/include",
					"-I/Volumes/polymake/programs/mpfr3/include",
				);
				OTHER_LDFLAGS = "";
				SDKROOT = macosx;
			};
			name = Debug;
		};
		C05733CD08A9546B00998B17 /* Release */ = {
			isa = XCBuildConfiguration;
			buildSettings = {
				GCC_C_LANGUAGE_STANDARD = gnu99;
				GCC_PREPROCESSOR_DEFINITIONS = "__ASSERT_MACROS_DEFINE_VERSIONS_WITHOUT_UNDERSCORES=0 ";
				GCC_WARN_ABOUT_RETURN_TYPE = YES;
				GCC_WARN_UNUSED_VARIABLE = YES;
				HEADER_SEARCH_PATHS = (
					"$(inherited)",
					/Applications/Xcode.app/Contents/Developer/Toolchains/XcodeDefault.xctoolchain/usr/include,
					/Volumes/polymake2/programs/polymake_install/include,
					/Volumes/polymake2/programs/gmp5/include,
					/Volumes/polymake/programs/mpfr3/include,
				);
				LIBRARY_SEARCH_PATHS = "";
				New_Setting = "";
				OTHER_CPLUSPLUSFLAGS = (
					"$(OTHER_CFLAGS)",
					"-fPIC",
					"-Wall",
					"-Wno-logical-op-parentheses",
					"-Wno-shift-op-parentheses",
					"-Wno-duplicate-decl-specifier",
					"-O3",
					"-DPOLYMAKE_DEBUG=0",
					"-I/Volumes/polymake2/programs/polymake_install/include",
					"-I/Volumes/polymake2/programs/gmp5/include",
					"-I/Volumes/polymake/programs/mpfr3/include",
				);
				OTHER_LDFLAGS = "";
				SDKROOT = macosx;
			};
			name = Release;
		};
/* End XCBuildConfiguration section */

/* Begin XCConfigurationList section */
		C05733C708A9546B00998B17 /* Build configuration list for PBXNativeTarget "PolyViewer" */ = {
			isa = XCConfigurationList;
			buildConfigurations = (
				C05733C808A9546B00998B17 /* Debug */,
				C05733C908A9546B00998B17 /* Release */,
			);
			defaultConfigurationIsVisible = 0;
			defaultConfigurationName = Release;
		};
		C05733CB08A9546B00998B17 /* Build configuration list for PBXProject "PolyViewer" */ = {
			isa = XCConfigurationList;
			buildConfigurations = (
				C05733CC08A9546B00998B17 /* Debug */,
				C05733CD08A9546B00998B17 /* Release */,
			);
			defaultConfigurationIsVisible = 0;
			defaultConfigurationName = Release;
		};
/* End XCConfigurationList section */
	};
	rootObject = 2A37F4A9FDCFA73011CA2CEA /* Project object */;
}
